// !$*UTF8*$!
{
	archiveVersion = 1;
	classes = {
	};
	objectVersion = 46;
	objects = {

/* Begin PBXBuildFile section */
		430B304B1AF9E3D0006B416B /* AvailabilityTableViewController.m in Sources */ = {isa = PBXBuildFile; fileRef = 430B304A1AF9E3D0006B416B /* AvailabilityTableViewController.m */; };
		430B30601AFA8BFA006B416B /* Guest.m in Sources */ = {isa = PBXBuildFile; fileRef = 430B305F1AFA8BFA006B416B /* Guest.m */; };
		430B30631AFA9BE2006B416B /* NumberOfBedsTableViewCell.m in Sources */ = {isa = PBXBuildFile; fileRef = 430B30621AFA9BE2006B416B /* NumberOfBedsTableViewCell.m */; };
		430B30691AFAF12F006B416B /* CoreDataStack.m in Sources */ = {isa = PBXBuildFile; fileRef = 430B30681AFAF12F006B416B /* CoreDataStack.m */; };
		430B306C1AFAF26F006B416B /* HotelService.m in Sources */ = {isa = PBXBuildFile; fileRef = 430B306B1AFAF26F006B416B /* HotelService.m */; };
		430B306F1AFB08A0006B416B /* ReserveRoomTableViewController.m in Sources */ = {isa = PBXBuildFile; fileRef = 430B306E1AFB08A0006B416B /* ReserveRoomTableViewController.m */; };
		430B30721AFB0F1C006B416B /* ReservationTableViewCell.m in Sources */ = {isa = PBXBuildFile; fileRef = 430B30711AFB0F1C006B416B /* ReservationTableViewCell.m */; };
		430FB1241AF93B7700B35A97 /* HotelHeaderView.m in Sources */ = {isa = PBXBuildFile; fileRef = 430FB1231AF93B7700B35A97 /* HotelHeaderView.m */; };
		430FB1271AF93CE600B35A97 /* HotelReservationsStyleKit.m in Sources */ = {isa = PBXBuildFile; fileRef = 430FB1261AF93CE600B35A97 /* HotelReservationsStyleKit.m */; };
		430FB12D1AF9510B00B35A97 /* RoomTableViewCell.m in Sources */ = {isa = PBXBuildFile; fileRef = 430FB12C1AF9510B00B35A97 /* RoomTableViewCell.m */; };
		430FB1331AF999D600B35A97 /* MainMenuTableViewController.m in Sources */ = {isa = PBXBuildFile; fileRef = 430FB1321AF999D600B35A97 /* MainMenuTableViewController.m */; };
		430FB1361AF9B45C00B35A97 /* PickerHeaderViewCell.m in Sources */ = {isa = PBXBuildFile; fileRef = 430FB1351AF9B45C00B35A97 /* PickerHeaderViewCell.m */; };
		430FB13C1AF9D25800B35A97 /* ButtonTableViewCell.m in Sources */ = {isa = PBXBuildFile; fileRef = 430FB13B1AF9D25800B35A97 /* ButtonTableViewCell.m */; };
		4328B4F11B001B58001A4307 /* GlobalConstants.m in Sources */ = {isa = PBXBuildFile; fileRef = 4328B4F01B001B58001A4307 /* GlobalConstants.m */; };
		4328B4F31B004CDB001A4307 /* HotelJSONParserTests.m in Sources */ = {isa = PBXBuildFile; fileRef = 4328B4F21B004CDB001A4307 /* HotelJSONParserTests.m */; };
		4328B4F61B004D1F001A4307 /* HotelJSONParserService.m in Sources */ = {isa = PBXBuildFile; fileRef = 4328B4F51B004D1F001A4307 /* HotelJSONParserService.m */; };
		435BBAE81AF86E6E007200A4 /* RoomsListViewController.m in Sources */ = {isa = PBXBuildFile; fileRef = 435BBAE71AF86E6E007200A4 /* RoomsListViewController.m */; };
		435BBAEB1AF876A3007200A4 /* MainDetailImageTableViewCell.m in Sources */ = {isa = PBXBuildFile; fileRef = 435BBAEA1AF876A3007200A4 /* MainDetailImageTableViewCell.m */; };
		435BD8D81AF83D540059CF7C /* main.m in Sources */ = {isa = PBXBuildFile; fileRef = 435BD8D71AF83D540059CF7C /* main.m */; };
		435BD8DB1AF83D540059CF7C /* AppDelegate.m in Sources */ = {isa = PBXBuildFile; fileRef = 435BD8DA1AF83D540059CF7C /* AppDelegate.m */; };
		435BD8DE1AF83D540059CF7C /* HotelReservations.xcdatamodeld in Sources */ = {isa = PBXBuildFile; fileRef = 435BD8DC1AF83D540059CF7C /* HotelReservations.xcdatamodeld */; };
		435BD8E41AF83D540059CF7C /* Main.storyboard in Resources */ = {isa = PBXBuildFile; fileRef = 435BD8E21AF83D540059CF7C /* Main.storyboard */; };
		435BD8E61AF83D540059CF7C /* Images.xcassets in Resources */ = {isa = PBXBuildFile; fileRef = 435BD8E51AF83D540059CF7C /* Images.xcassets */; };
		435BD8E91AF83D540059CF7C /* LaunchScreen.xib in Resources */ = {isa = PBXBuildFile; fileRef = 435BD8E71AF83D540059CF7C /* LaunchScreen.xib */; };
		435BD8F51AF83D540059CF7C /* HotelReservationsTests.m in Sources */ = {isa = PBXBuildFile; fileRef = 435BD8F41AF83D540059CF7C /* HotelReservationsTests.m */; };
		435BD9001AF848E30059CF7C /* HotelListViewController.m in Sources */ = {isa = PBXBuildFile; fileRef = 435BD8FF1AF848E30059CF7C /* HotelListViewController.m */; };
		435BD9021AF84DE80059CF7C /* seed.json in Resources */ = {isa = PBXBuildFile; fileRef = 435BD9011AF84DE80059CF7C /* seed.json */; };
		435E487C1AFDEA0700D50A81 /* ImageResizer.m in Sources */ = {isa = PBXBuildFile; fileRef = 435E487B1AFDEA0700D50A81 /* ImageResizer.m */; };
		43BA5FD01AFB24190056163D /* GuestNameTableViewCell.m in Sources */ = {isa = PBXBuildFile; fileRef = 43BA5FCF1AFB24190056163D /* GuestNameTableViewCell.m */; };
		43BA5FD31AFB39F20056163D /* GuestTableViewController.m in Sources */ = {isa = PBXBuildFile; fileRef = 43BA5FD21AFB39F20056163D /* GuestTableViewController.m */; };
		43BA5FD51AFBC8960056163D /* HotelServiceTests.m in Sources */ = {isa = PBXBuildFile; fileRef = 43BA5FD41AFBC8960056163D /* HotelServiceTests.m */; };
		43BA5FD81AFBDE1A0056163D /* DateValidationService.m in Sources */ = {isa = PBXBuildFile; fileRef = 43BA5FD71AFBDE1A0056163D /* DateValidationService.m */; };
		43BA5FDA1AFBF42B0056163D /* DateValidationServiceTests.m in Sources */ = {isa = PBXBuildFile; fileRef = 43BA5FD91AFBF42B0056163D /* DateValidationServiceTests.m */; };
		43BA5FDD1AFBFAAD0056163D /* GuestReservationsTableViewController.m in Sources */ = {isa = PBXBuildFile; fileRef = 43BA5FDC1AFBFAAD0056163D /* GuestReservationsTableViewController.m */; };
		43C7D3F51AFEDFDE00213618 /* RandomConfirmationIDGenerator.m in Sources */ = {isa = PBXBuildFile; fileRef = 43C7D3F41AFEDFDE00213618 /* RandomConfirmationIDGenerator.m */; };
		43C7D3F81AFEE1CD00213618 /* Reservation.m in Sources */ = {isa = PBXBuildFile; fileRef = 43C7D3F71AFEE1CD00213618 /* Reservation.m */; };
		43C7D3FB1AFEE85E00213618 /* Room.m in Sources */ = {isa = PBXBuildFile; fileRef = 43C7D3FA1AFEE85E00213618 /* Room.m */; };
		43C7D3FE1AFEEA7700213618 /* Hotel.m in Sources */ = {isa = PBXBuildFile; fileRef = 43C7D3FD1AFEEA7700213618 /* Hotel.m */; };
		43C7D4011AFEF75100213618 /* NoResultsTableViewCell.m in Sources */ = {isa = PBXBuildFile; fileRef = 43C7D4001AFEF75100213618 /* NoResultsTableViewCell.m */; };
		43C7D40D1AFF262A00213618 /* InterfaceController.m in Sources */ = {isa = PBXBuildFile; fileRef = 43C7D40C1AFF262A00213618 /* InterfaceController.m */; };
		43C7D4101AFF262A00213618 /* NotificationController.m in Sources */ = {isa = PBXBuildFile; fileRef = 43C7D40F1AFF262A00213618 /* NotificationController.m */; };
		43C7D4131AFF262A00213618 /* GlanceController.m in Sources */ = {isa = PBXBuildFile; fileRef = 43C7D4121AFF262A00213618 /* GlanceController.m */; };
		43C7D4151AFF262A00213618 /* Images.xcassets in Resources */ = {isa = PBXBuildFile; fileRef = 43C7D4141AFF262A00213618 /* Images.xcassets */; };
		43C7D4191AFF262A00213618 /* HotelReservations WatchKit App.app in Resources */ = {isa = PBXBuildFile; fileRef = 43C7D4181AFF262A00213618 /* HotelReservations WatchKit App.app */; };
		43C7D4211AFF262A00213618 /* Interface.storyboard in Resources */ = {isa = PBXBuildFile; fileRef = 43C7D41F1AFF262A00213618 /* Interface.storyboard */; };
		43C7D4231AFF262A00213618 /* Images.xcassets in Resources */ = {isa = PBXBuildFile; fileRef = 43C7D4221AFF262A00213618 /* Images.xcassets */; };
		43C7D4261AFF262A00213618 /* HotelReservations WatchKit Extension.appex in Embed App Extensions */ = {isa = PBXBuildFile; fileRef = 43C7D4061AFF262A00213618 /* HotelReservations WatchKit Extension.appex */; settings = {ATTRIBUTES = (RemoveHeadersOnCopy, ); }; };
		43F629111AFC97FA006A4461 /* SearchTableViewHeaderView.m in Sources */ = {isa = PBXBuildFile; fileRef = 43F629101AFC97FA006A4461 /* SearchTableViewHeaderView.m */; };
/* End PBXBuildFile section */

/* Begin PBXContainerItemProxy section */
		435BD8EF1AF83D540059CF7C /* PBXContainerItemProxy */ = {
			isa = PBXContainerItemProxy;
			containerPortal = 435BD8CA1AF83D540059CF7C /* Project object */;
			proxyType = 1;
			remoteGlobalIDString = 435BD8D11AF83D540059CF7C;
			remoteInfo = HotelReservations;
		};
		43C7D41A1AFF262A00213618 /* PBXContainerItemProxy */ = {
			isa = PBXContainerItemProxy;
			containerPortal = 435BD8CA1AF83D540059CF7C /* Project object */;
			proxyType = 1;
			remoteGlobalIDString = 43C7D4171AFF262A00213618;
			remoteInfo = "HotelReservations WatchKit App";
		};
		43C7D4241AFF262A00213618 /* PBXContainerItemProxy */ = {
			isa = PBXContainerItemProxy;
			containerPortal = 435BD8CA1AF83D540059CF7C /* Project object */;
			proxyType = 1;
			remoteGlobalIDString = 43C7D4051AFF262A00213618;
			remoteInfo = "HotelReservations WatchKit Extension";
		};
/* End PBXContainerItemProxy section */

/* Begin PBXCopyFilesBuildPhase section */
		43C7D42D1AFF262B00213618 /* Embed App Extensions */ = {
			isa = PBXCopyFilesBuildPhase;
			buildActionMask = 2147483647;
			dstPath = "";
			dstSubfolderSpec = 13;
			files = (
				43C7D4261AFF262A00213618 /* HotelReservations WatchKit Extension.appex in Embed App Extensions */,
			);
			name = "Embed App Extensions";
			runOnlyForDeploymentPostprocessing = 0;
		};
/* End PBXCopyFilesBuildPhase section */

/* Begin PBXFileReference section */
		430B30491AF9E3D0006B416B /* AvailabilityTableViewController.h */ = {isa = PBXFileReference; fileEncoding = 4; lastKnownFileType = sourcecode.c.h; path = AvailabilityTableViewController.h; sourceTree = "<group>"; };
		430B304A1AF9E3D0006B416B /* AvailabilityTableViewController.m */ = {isa = PBXFileReference; fileEncoding = 4; lastKnownFileType = sourcecode.c.objc; path = AvailabilityTableViewController.m; sourceTree = "<group>"; };
		430B305E1AFA8BFA006B416B /* Guest.h */ = {isa = PBXFileReference; fileEncoding = 4; lastKnownFileType = sourcecode.c.h; path = Guest.h; sourceTree = "<group>"; };
		430B305F1AFA8BFA006B416B /* Guest.m */ = {isa = PBXFileReference; fileEncoding = 4; lastKnownFileType = sourcecode.c.objc; path = Guest.m; sourceTree = "<group>"; };
		430B30611AFA9BE2006B416B /* NumberOfBedsTableViewCell.h */ = {isa = PBXFileReference; fileEncoding = 4; lastKnownFileType = sourcecode.c.h; path = NumberOfBedsTableViewCell.h; sourceTree = "<group>"; };
		430B30621AFA9BE2006B416B /* NumberOfBedsTableViewCell.m */ = {isa = PBXFileReference; fileEncoding = 4; lastKnownFileType = sourcecode.c.objc; path = NumberOfBedsTableViewCell.m; sourceTree = "<group>"; };
		430B30671AFAF12F006B416B /* CoreDataStack.h */ = {isa = PBXFileReference; fileEncoding = 4; lastKnownFileType = sourcecode.c.h; path = CoreDataStack.h; sourceTree = "<group>"; };
		430B30681AFAF12F006B416B /* CoreDataStack.m */ = {isa = PBXFileReference; fileEncoding = 4; lastKnownFileType = sourcecode.c.objc; path = CoreDataStack.m; sourceTree = "<group>"; };
		430B306A1AFAF26F006B416B /* HotelService.h */ = {isa = PBXFileReference; fileEncoding = 4; lastKnownFileType = sourcecode.c.h; path = HotelService.h; sourceTree = "<group>"; };
		430B306B1AFAF26F006B416B /* HotelService.m */ = {isa = PBXFileReference; fileEncoding = 4; lastKnownFileType = sourcecode.c.objc; path = HotelService.m; sourceTree = "<group>"; };
		430B306D1AFB08A0006B416B /* ReserveRoomTableViewController.h */ = {isa = PBXFileReference; fileEncoding = 4; lastKnownFileType = sourcecode.c.h; path = ReserveRoomTableViewController.h; sourceTree = "<group>"; };
		430B306E1AFB08A0006B416B /* ReserveRoomTableViewController.m */ = {isa = PBXFileReference; fileEncoding = 4; lastKnownFileType = sourcecode.c.objc; path = ReserveRoomTableViewController.m; sourceTree = "<group>"; };
		430B30701AFB0F1C006B416B /* ReservationTableViewCell.h */ = {isa = PBXFileReference; fileEncoding = 4; lastKnownFileType = sourcecode.c.h; path = ReservationTableViewCell.h; sourceTree = "<group>"; };
		430B30711AFB0F1C006B416B /* ReservationTableViewCell.m */ = {isa = PBXFileReference; fileEncoding = 4; lastKnownFileType = sourcecode.c.objc; path = ReservationTableViewCell.m; sourceTree = "<group>"; };
		430FB1221AF93B7700B35A97 /* HotelHeaderView.h */ = {isa = PBXFileReference; fileEncoding = 4; lastKnownFileType = sourcecode.c.h; path = HotelHeaderView.h; sourceTree = "<group>"; };
		430FB1231AF93B7700B35A97 /* HotelHeaderView.m */ = {isa = PBXFileReference; fileEncoding = 4; lastKnownFileType = sourcecode.c.objc; path = HotelHeaderView.m; sourceTree = "<group>"; };
		430FB1251AF93CE600B35A97 /* HotelReservationsStyleKit.h */ = {isa = PBXFileReference; fileEncoding = 4; lastKnownFileType = sourcecode.c.h; path = HotelReservationsStyleKit.h; sourceTree = SOURCE_ROOT; };
		430FB1261AF93CE600B35A97 /* HotelReservationsStyleKit.m */ = {isa = PBXFileReference; fileEncoding = 4; lastKnownFileType = sourcecode.c.objc; path = HotelReservationsStyleKit.m; sourceTree = SOURCE_ROOT; };
		430FB12B1AF9510B00B35A97 /* RoomTableViewCell.h */ = {isa = PBXFileReference; fileEncoding = 4; lastKnownFileType = sourcecode.c.h; name = RoomTableViewCell.h; path = ../RoomTableViewCell.h; sourceTree = "<group>"; };
		430FB12C1AF9510B00B35A97 /* RoomTableViewCell.m */ = {isa = PBXFileReference; fileEncoding = 4; lastKnownFileType = sourcecode.c.objc; name = RoomTableViewCell.m; path = ../RoomTableViewCell.m; sourceTree = "<group>"; };
		430FB1311AF999D600B35A97 /* MainMenuTableViewController.h */ = {isa = PBXFileReference; fileEncoding = 4; lastKnownFileType = sourcecode.c.h; path = MainMenuTableViewController.h; sourceTree = "<group>"; };
		430FB1321AF999D600B35A97 /* MainMenuTableViewController.m */ = {isa = PBXFileReference; fileEncoding = 4; lastKnownFileType = sourcecode.c.objc; path = MainMenuTableViewController.m; sourceTree = "<group>"; };
		430FB1341AF9B45C00B35A97 /* PickerHeaderViewCell.h */ = {isa = PBXFileReference; fileEncoding = 4; lastKnownFileType = sourcecode.c.h; path = PickerHeaderViewCell.h; sourceTree = "<group>"; };
		430FB1351AF9B45C00B35A97 /* PickerHeaderViewCell.m */ = {isa = PBXFileReference; fileEncoding = 4; lastKnownFileType = sourcecode.c.objc; path = PickerHeaderViewCell.m; sourceTree = "<group>"; };
		430FB13A1AF9D25800B35A97 /* ButtonTableViewCell.h */ = {isa = PBXFileReference; fileEncoding = 4; lastKnownFileType = sourcecode.c.h; path = ButtonTableViewCell.h; sourceTree = "<group>"; };
		430FB13B1AF9D25800B35A97 /* ButtonTableViewCell.m */ = {isa = PBXFileReference; fileEncoding = 4; lastKnownFileType = sourcecode.c.objc; path = ButtonTableViewCell.m; sourceTree = "<group>"; };
		4328B4EF1B001B58001A4307 /* GlobalConstants.h */ = {isa = PBXFileReference; fileEncoding = 4; lastKnownFileType = sourcecode.c.h; path = GlobalConstants.h; sourceTree = "<group>"; };
		4328B4F01B001B58001A4307 /* GlobalConstants.m */ = {isa = PBXFileReference; fileEncoding = 4; lastKnownFileType = sourcecode.c.objc; path = GlobalConstants.m; sourceTree = "<group>"; };
		4328B4F21B004CDB001A4307 /* HotelJSONParserTests.m */ = {isa = PBXFileReference; fileEncoding = 4; lastKnownFileType = sourcecode.c.objc; path = HotelJSONParserTests.m; sourceTree = "<group>"; };
		4328B4F41B004D1F001A4307 /* HotelJSONParserService.h */ = {isa = PBXFileReference; fileEncoding = 4; lastKnownFileType = sourcecode.c.h; path = HotelJSONParserService.h; sourceTree = "<group>"; };
		4328B4F51B004D1F001A4307 /* HotelJSONParserService.m */ = {isa = PBXFileReference; fileEncoding = 4; lastKnownFileType = sourcecode.c.objc; path = HotelJSONParserService.m; sourceTree = "<group>"; };
		435BBAE61AF86E6E007200A4 /* RoomsListViewController.h */ = {isa = PBXFileReference; fileEncoding = 4; lastKnownFileType = sourcecode.c.h; path = RoomsListViewController.h; sourceTree = "<group>"; };
		435BBAE71AF86E6E007200A4 /* RoomsListViewController.m */ = {isa = PBXFileReference; fileEncoding = 4; lastKnownFileType = sourcecode.c.objc; path = RoomsListViewController.m; sourceTree = "<group>"; };
		435BBAE91AF876A3007200A4 /* MainDetailImageTableViewCell.h */ = {isa = PBXFileReference; fileEncoding = 4; lastKnownFileType = sourcecode.c.h; path = MainDetailImageTableViewCell.h; sourceTree = "<group>"; };
		435BBAEA1AF876A3007200A4 /* MainDetailImageTableViewCell.m */ = {isa = PBXFileReference; fileEncoding = 4; lastKnownFileType = sourcecode.c.objc; path = MainDetailImageTableViewCell.m; sourceTree = "<group>"; };
		435BD8D21AF83D540059CF7C /* HotelReservations.app */ = {isa = PBXFileReference; explicitFileType = wrapper.application; includeInIndex = 0; path = HotelReservations.app; sourceTree = BUILT_PRODUCTS_DIR; };
		435BD8D61AF83D540059CF7C /* Info.plist */ = {isa = PBXFileReference; lastKnownFileType = text.plist.xml; path = Info.plist; sourceTree = "<group>"; };
		435BD8D71AF83D540059CF7C /* main.m */ = {isa = PBXFileReference; lastKnownFileType = sourcecode.c.objc; path = main.m; sourceTree = "<group>"; };
		435BD8D91AF83D540059CF7C /* AppDelegate.h */ = {isa = PBXFileReference; lastKnownFileType = sourcecode.c.h; path = AppDelegate.h; sourceTree = "<group>"; };
		435BD8DA1AF83D540059CF7C /* AppDelegate.m */ = {isa = PBXFileReference; lastKnownFileType = sourcecode.c.objc; path = AppDelegate.m; sourceTree = "<group>"; };
		435BD8DD1AF83D540059CF7C /* HotelReservations.xcdatamodel */ = {isa = PBXFileReference; lastKnownFileType = wrapper.xcdatamodel; path = HotelReservations.xcdatamodel; sourceTree = "<group>"; };
		435BD8E31AF83D540059CF7C /* Base */ = {isa = PBXFileReference; lastKnownFileType = file.storyboard; name = Base; path = Base.lproj/Main.storyboard; sourceTree = "<group>"; };
		435BD8E51AF83D540059CF7C /* Images.xcassets */ = {isa = PBXFileReference; lastKnownFileType = folder.assetcatalog; path = Images.xcassets; sourceTree = "<group>"; };
		435BD8E81AF83D540059CF7C /* Base */ = {isa = PBXFileReference; lastKnownFileType = file.xib; name = Base; path = Base.lproj/LaunchScreen.xib; sourceTree = "<group>"; };
		435BD8EE1AF83D540059CF7C /* HotelReservationsTests.xctest */ = {isa = PBXFileReference; explicitFileType = wrapper.cfbundle; includeInIndex = 0; path = HotelReservationsTests.xctest; sourceTree = BUILT_PRODUCTS_DIR; };
		435BD8F31AF83D540059CF7C /* Info.plist */ = {isa = PBXFileReference; lastKnownFileType = text.plist.xml; path = Info.plist; sourceTree = "<group>"; };
		435BD8F41AF83D540059CF7C /* HotelReservationsTests.m */ = {isa = PBXFileReference; lastKnownFileType = sourcecode.c.objc; path = HotelReservationsTests.m; sourceTree = "<group>"; };
		435BD8FE1AF848E30059CF7C /* HotelListViewController.h */ = {isa = PBXFileReference; fileEncoding = 4; lastKnownFileType = sourcecode.c.h; path = HotelListViewController.h; sourceTree = "<group>"; };
		435BD8FF1AF848E30059CF7C /* HotelListViewController.m */ = {isa = PBXFileReference; fileEncoding = 4; lastKnownFileType = sourcecode.c.objc; path = HotelListViewController.m; sourceTree = "<group>"; };
		435BD9011AF84DE80059CF7C /* seed.json */ = {isa = PBXFileReference; fileEncoding = 4; lastKnownFileType = text.json; path = seed.json; sourceTree = "<group>"; };
		435E48731AFDC8A300D50A81 /* HotelReservations v2.xcdatamodel */ = {isa = PBXFileReference; lastKnownFileType = wrapper.xcdatamodel; path = "HotelReservations v2.xcdatamodel"; sourceTree = "<group>"; };
		435E487A1AFDEA0700D50A81 /* ImageResizer.h */ = {isa = PBXFileReference; fileEncoding = 4; lastKnownFileType = sourcecode.c.h; path = ImageResizer.h; sourceTree = "<group>"; };
		435E487B1AFDEA0700D50A81 /* ImageResizer.m */ = {isa = PBXFileReference; fileEncoding = 4; lastKnownFileType = sourcecode.c.objc; path = ImageResizer.m; sourceTree = "<group>"; };
		438A89421AFC440C0065C65C /* HotelReservations.entitlements */ = {isa = PBXFileReference; lastKnownFileType = text.xml; path = HotelReservations.entitlements; sourceTree = "<group>"; };
		43BA5FCE1AFB24190056163D /* GuestNameTableViewCell.h */ = {isa = PBXFileReference; fileEncoding = 4; lastKnownFileType = sourcecode.c.h; path = GuestNameTableViewCell.h; sourceTree = "<group>"; };
		43BA5FCF1AFB24190056163D /* GuestNameTableViewCell.m */ = {isa = PBXFileReference; fileEncoding = 4; lastKnownFileType = sourcecode.c.objc; path = GuestNameTableViewCell.m; sourceTree = "<group>"; };
		43BA5FD11AFB39F20056163D /* GuestTableViewController.h */ = {isa = PBXFileReference; fileEncoding = 4; lastKnownFileType = sourcecode.c.h; path = GuestTableViewController.h; sourceTree = "<group>"; };
		43BA5FD21AFB39F20056163D /* GuestTableViewController.m */ = {isa = PBXFileReference; fileEncoding = 4; lastKnownFileType = sourcecode.c.objc; path = GuestTableViewController.m; sourceTree = "<group>"; };
		43BA5FD41AFBC8960056163D /* HotelServiceTests.m */ = {isa = PBXFileReference; fileEncoding = 4; lastKnownFileType = sourcecode.c.objc; path = HotelServiceTests.m; sourceTree = "<group>"; };
		43BA5FD61AFBDE1A0056163D /* DateValidationService.h */ = {isa = PBXFileReference; fileEncoding = 4; lastKnownFileType = sourcecode.c.h; path = DateValidationService.h; sourceTree = "<group>"; };
		43BA5FD71AFBDE1A0056163D /* DateValidationService.m */ = {isa = PBXFileReference; fileEncoding = 4; lastKnownFileType = sourcecode.c.objc; path = DateValidationService.m; sourceTree = "<group>"; };
		43BA5FD91AFBF42B0056163D /* DateValidationServiceTests.m */ = {isa = PBXFileReference; fileEncoding = 4; lastKnownFileType = sourcecode.c.objc; path = DateValidationServiceTests.m; sourceTree = "<group>"; };
		43BA5FDB1AFBFAAD0056163D /* GuestReservationsTableViewController.h */ = {isa = PBXFileReference; fileEncoding = 4; lastKnownFileType = sourcecode.c.h; path = GuestReservationsTableViewController.h; sourceTree = "<group>"; };
		43BA5FDC1AFBFAAD0056163D /* GuestReservationsTableViewController.m */ = {isa = PBXFileReference; fileEncoding = 4; lastKnownFileType = sourcecode.c.objc; path = GuestReservationsTableViewController.m; sourceTree = "<group>"; };
		43C7D3F31AFEDFDE00213618 /* RandomConfirmationIDGenerator.h */ = {isa = PBXFileReference; fileEncoding = 4; lastKnownFileType = sourcecode.c.h; path = RandomConfirmationIDGenerator.h; sourceTree = "<group>"; };
		43C7D3F41AFEDFDE00213618 /* RandomConfirmationIDGenerator.m */ = {isa = PBXFileReference; fileEncoding = 4; lastKnownFileType = sourcecode.c.objc; path = RandomConfirmationIDGenerator.m; sourceTree = "<group>"; };
		43C7D3F61AFEE1CD00213618 /* Reservation.h */ = {isa = PBXFileReference; fileEncoding = 4; lastKnownFileType = sourcecode.c.h; path = Reservation.h; sourceTree = "<group>"; };
		43C7D3F71AFEE1CD00213618 /* Reservation.m */ = {isa = PBXFileReference; fileEncoding = 4; lastKnownFileType = sourcecode.c.objc; path = Reservation.m; sourceTree = "<group>"; };
		43C7D3F91AFEE85E00213618 /* Room.h */ = {isa = PBXFileReference; fileEncoding = 4; lastKnownFileType = sourcecode.c.h; name = Room.h; path = ../Room.h; sourceTree = "<group>"; };
		43C7D3FA1AFEE85E00213618 /* Room.m */ = {isa = PBXFileReference; fileEncoding = 4; lastKnownFileType = sourcecode.c.objc; name = Room.m; path = ../Room.m; sourceTree = "<group>"; };
		43C7D3FC1AFEEA7700213618 /* Hotel.h */ = {isa = PBXFileReference; fileEncoding = 4; lastKnownFileType = sourcecode.c.h; name = Hotel.h; path = ../Hotel.h; sourceTree = "<group>"; };
		43C7D3FD1AFEEA7700213618 /* Hotel.m */ = {isa = PBXFileReference; fileEncoding = 4; lastKnownFileType = sourcecode.c.objc; name = Hotel.m; path = ../Hotel.m; sourceTree = "<group>"; };
		43C7D3FF1AFEF75100213618 /* NoResultsTableViewCell.h */ = {isa = PBXFileReference; fileEncoding = 4; lastKnownFileType = sourcecode.c.h; path = NoResultsTableViewCell.h; sourceTree = "<group>"; };
		43C7D4001AFEF75100213618 /* NoResultsTableViewCell.m */ = {isa = PBXFileReference; fileEncoding = 4; lastKnownFileType = sourcecode.c.objc; path = NoResultsTableViewCell.m; sourceTree = "<group>"; };
		43C7D4061AFF262A00213618 /* HotelReservations WatchKit Extension.appex */ = {isa = PBXFileReference; explicitFileType = "wrapper.app-extension"; includeInIndex = 0; path = "HotelReservations WatchKit Extension.appex"; sourceTree = BUILT_PRODUCTS_DIR; };
		43C7D4091AFF262A00213618 /* Info.plist */ = {isa = PBXFileReference; lastKnownFileType = text.plist.xml; path = Info.plist; sourceTree = "<group>"; };
		43C7D40A1AFF262A00213618 /* PushNotificationPayload.apns */ = {isa = PBXFileReference; lastKnownFileType = text; path = PushNotificationPayload.apns; sourceTree = "<group>"; };
		43C7D40B1AFF262A00213618 /* InterfaceController.h */ = {isa = PBXFileReference; lastKnownFileType = sourcecode.c.h; path = InterfaceController.h; sourceTree = "<group>"; };
		43C7D40C1AFF262A00213618 /* InterfaceController.m */ = {isa = PBXFileReference; lastKnownFileType = sourcecode.c.objc; path = InterfaceController.m; sourceTree = "<group>"; };
		43C7D40E1AFF262A00213618 /* NotificationController.h */ = {isa = PBXFileReference; lastKnownFileType = sourcecode.c.h; path = NotificationController.h; sourceTree = "<group>"; };
		43C7D40F1AFF262A00213618 /* NotificationController.m */ = {isa = PBXFileReference; lastKnownFileType = sourcecode.c.objc; path = NotificationController.m; sourceTree = "<group>"; };
		43C7D4111AFF262A00213618 /* GlanceController.h */ = {isa = PBXFileReference; lastKnownFileType = sourcecode.c.h; path = GlanceController.h; sourceTree = "<group>"; };
		43C7D4121AFF262A00213618 /* GlanceController.m */ = {isa = PBXFileReference; lastKnownFileType = sourcecode.c.objc; path = GlanceController.m; sourceTree = "<group>"; };
		43C7D4141AFF262A00213618 /* Images.xcassets */ = {isa = PBXFileReference; lastKnownFileType = folder.assetcatalog; path = Images.xcassets; sourceTree = "<group>"; };
		43C7D4181AFF262A00213618 /* HotelReservations WatchKit App.app */ = {isa = PBXFileReference; explicitFileType = wrapper.application; includeInIndex = 0; path = "HotelReservations WatchKit App.app"; sourceTree = BUILT_PRODUCTS_DIR; };
		43C7D41E1AFF262A00213618 /* Info.plist */ = {isa = PBXFileReference; lastKnownFileType = text.plist.xml; path = Info.plist; sourceTree = "<group>"; };
		43C7D4201AFF262A00213618 /* Base */ = {isa = PBXFileReference; lastKnownFileType = file.storyboard; name = Base; path = Base.lproj/Interface.storyboard; sourceTree = "<group>"; };
		43C7D4221AFF262A00213618 /* Images.xcassets */ = {isa = PBXFileReference; lastKnownFileType = folder.assetcatalog; path = Images.xcassets; sourceTree = "<group>"; };
		43F6290F1AFC97FA006A4461 /* SearchTableViewHeaderView.h */ = {isa = PBXFileReference; fileEncoding = 4; lastKnownFileType = sourcecode.c.h; path = SearchTableViewHeaderView.h; sourceTree = "<group>"; };
		43F629101AFC97FA006A4461 /* SearchTableViewHeaderView.m */ = {isa = PBXFileReference; fileEncoding = 4; lastKnownFileType = sourcecode.c.objc; path = SearchTableViewHeaderView.m; sourceTree = "<group>"; };
/* End PBXFileReference section */

/* Begin PBXFrameworksBuildPhase section */
		435BD8CF1AF83D540059CF7C /* Frameworks */ = {
			isa = PBXFrameworksBuildPhase;
			buildActionMask = 2147483647;
			files = (
			);
			runOnlyForDeploymentPostprocessing = 0;
		};
		435BD8EB1AF83D540059CF7C /* Frameworks */ = {
			isa = PBXFrameworksBuildPhase;
			buildActionMask = 2147483647;
			files = (
			);
			runOnlyForDeploymentPostprocessing = 0;
		};
		43C7D4031AFF262A00213618 /* Frameworks */ = {
			isa = PBXFrameworksBuildPhase;
			buildActionMask = 2147483647;
			files = (
			);
			runOnlyForDeploymentPostprocessing = 0;
		};
/* End PBXFrameworksBuildPhase section */

/* Begin PBXGroup section */
		430FB12E1AF954E300B35A97 /* View */ = {
			isa = PBXGroup;
			children = (
				43BA5FCE1AFB24190056163D /* GuestNameTableViewCell.h */,
				43BA5FCF1AFB24190056163D /* GuestNameTableViewCell.m */,
				430B30701AFB0F1C006B416B /* ReservationTableViewCell.h */,
				430B30711AFB0F1C006B416B /* ReservationTableViewCell.m */,
				430FB13A1AF9D25800B35A97 /* ButtonTableViewCell.h */,
				430FB13B1AF9D25800B35A97 /* ButtonTableViewCell.m */,
				430B30611AFA9BE2006B416B /* NumberOfBedsTableViewCell.h */,
				430B30621AFA9BE2006B416B /* NumberOfBedsTableViewCell.m */,
				430FB1341AF9B45C00B35A97 /* PickerHeaderViewCell.h */,
				430FB1351AF9B45C00B35A97 /* PickerHeaderViewCell.m */,
				430FB1221AF93B7700B35A97 /* HotelHeaderView.h */,
				430FB1231AF93B7700B35A97 /* HotelHeaderView.m */,
				430FB12B1AF9510B00B35A97 /* RoomTableViewCell.h */,
				430FB12C1AF9510B00B35A97 /* RoomTableViewCell.m */,
				430FB1251AF93CE600B35A97 /* HotelReservationsStyleKit.h */,
				430FB1261AF93CE600B35A97 /* HotelReservationsStyleKit.m */,
				435BBAE91AF876A3007200A4 /* MainDetailImageTableViewCell.h */,
				435BBAEA1AF876A3007200A4 /* MainDetailImageTableViewCell.m */,
				43F6290F1AFC97FA006A4461 /* SearchTableViewHeaderView.h */,
				43F629101AFC97FA006A4461 /* SearchTableViewHeaderView.m */,
				435BD8E21AF83D540059CF7C /* Main.storyboard */,
				435BD8E51AF83D540059CF7C /* Images.xcassets */,
				435BD8E71AF83D540059CF7C /* LaunchScreen.xib */,
				43C7D3FF1AFEF75100213618 /* NoResultsTableViewCell.h */,
				43C7D4001AFEF75100213618 /* NoResultsTableViewCell.m */,
			);
			name = View;
			sourceTree = "<group>";
		};
		430FB12F1AF954FB00B35A97 /* Model */ = {
			isa = PBXGroup;
			children = (
				43C7D3FC1AFEEA7700213618 /* Hotel.h */,
				43C7D3FD1AFEEA7700213618 /* Hotel.m */,
				43C7D3F91AFEE85E00213618 /* Room.h */,
				43C7D3FA1AFEE85E00213618 /* Room.m */,
				43C7D3F61AFEE1CD00213618 /* Reservation.h */,
				43C7D3F71AFEE1CD00213618 /* Reservation.m */,
				430B30671AFAF12F006B416B /* CoreDataStack.h */,
				430B30681AFAF12F006B416B /* CoreDataStack.m */,
				430B306A1AFAF26F006B416B /* HotelService.h */,
				430B306B1AFAF26F006B416B /* HotelService.m */,
				43BA5FD61AFBDE1A0056163D /* DateValidationService.h */,
				43BA5FD71AFBDE1A0056163D /* DateValidationService.m */,
				430B305E1AFA8BFA006B416B /* Guest.h */,
				430B305F1AFA8BFA006B416B /* Guest.m */,
				435BD9011AF84DE80059CF7C /* seed.json */,
				435BD8DC1AF83D540059CF7C /* HotelReservations.xcdatamodeld */,
				435E487A1AFDEA0700D50A81 /* ImageResizer.h */,
				435E487B1AFDEA0700D50A81 /* ImageResizer.m */,
				43C7D3F31AFEDFDE00213618 /* RandomConfirmationIDGenerator.h */,
				43C7D3F41AFEDFDE00213618 /* RandomConfirmationIDGenerator.m */,
				4328B4EF1B001B58001A4307 /* GlobalConstants.h */,
				4328B4F01B001B58001A4307 /* GlobalConstants.m */,
				4328B4F41B004D1F001A4307 /* HotelJSONParserService.h */,
				4328B4F51B004D1F001A4307 /* HotelJSONParserService.m */,
			);
			name = Model;
			sourceTree = "<group>";
		};
		430FB1301AF9550600B35A97 /* Controller */ = {
			isa = PBXGroup;
			children = (
				430B306D1AFB08A0006B416B /* ReserveRoomTableViewController.h */,
				430B306E1AFB08A0006B416B /* ReserveRoomTableViewController.m */,
				43BA5FDB1AFBFAAD0056163D /* GuestReservationsTableViewController.h */,
				43BA5FDC1AFBFAAD0056163D /* GuestReservationsTableViewController.m */,
				435BD8FE1AF848E30059CF7C /* HotelListViewController.h */,
				435BD8FF1AF848E30059CF7C /* HotelListViewController.m */,
				430FB1311AF999D600B35A97 /* MainMenuTableViewController.h */,
				430FB1321AF999D600B35A97 /* MainMenuTableViewController.m */,
				43BA5FD11AFB39F20056163D /* GuestTableViewController.h */,
				43BA5FD21AFB39F20056163D /* GuestTableViewController.m */,
				430B30491AF9E3D0006B416B /* AvailabilityTableViewController.h */,
				430B304A1AF9E3D0006B416B /* AvailabilityTableViewController.m */,
				435BBAE61AF86E6E007200A4 /* RoomsListViewController.h */,
				435BBAE71AF86E6E007200A4 /* RoomsListViewController.m */,
			);
			name = Controller;
			sourceTree = "<group>";
		};
		435BD8C91AF83D540059CF7C = {
			isa = PBXGroup;
			children = (
				435BD8D41AF83D540059CF7C /* HotelReservations */,
				435BD8F11AF83D540059CF7C /* HotelReservationsTests */,
				43C7D4071AFF262A00213618 /* HotelReservations WatchKit Extension */,
				43C7D41C1AFF262A00213618 /* HotelReservations WatchKit App */,
				435BD8D31AF83D540059CF7C /* Products */,
			);
			sourceTree = "<group>";
		};
		435BD8D31AF83D540059CF7C /* Products */ = {
			isa = PBXGroup;
			children = (
				435BD8D21AF83D540059CF7C /* HotelReservations.app */,
				435BD8EE1AF83D540059CF7C /* HotelReservationsTests.xctest */,
				43C7D4061AFF262A00213618 /* HotelReservations WatchKit Extension.appex */,
				43C7D4181AFF262A00213618 /* HotelReservations WatchKit App.app */,
			);
			name = Products;
			sourceTree = "<group>";
		};
		435BD8D41AF83D540059CF7C /* HotelReservations */ = {
			isa = PBXGroup;
			children = (
				438A89421AFC440C0065C65C /* HotelReservations.entitlements */,
				435BD8D91AF83D540059CF7C /* AppDelegate.h */,
				435BD8DA1AF83D540059CF7C /* AppDelegate.m */,
				430FB12F1AF954FB00B35A97 /* Model */,
				430FB12E1AF954E300B35A97 /* View */,
				430FB1301AF9550600B35A97 /* Controller */,
				435BD8D51AF83D540059CF7C /* Supporting Files */,
			);
			path = HotelReservations;
			sourceTree = "<group>";
		};
		435BD8D51AF83D540059CF7C /* Supporting Files */ = {
			isa = PBXGroup;
			children = (
				435BD8D61AF83D540059CF7C /* Info.plist */,
				435BD8D71AF83D540059CF7C /* main.m */,
			);
			name = "Supporting Files";
			sourceTree = "<group>";
		};
		435BD8F11AF83D540059CF7C /* HotelReservationsTests */ = {
			isa = PBXGroup;
			children = (
				435BD8F41AF83D540059CF7C /* HotelReservationsTests.m */,
				43BA5FD41AFBC8960056163D /* HotelServiceTests.m */,
				43BA5FD91AFBF42B0056163D /* DateValidationServiceTests.m */,
				4328B4F21B004CDB001A4307 /* HotelJSONParserTests.m */,
				435BD8F21AF83D540059CF7C /* Supporting Files */,
			);
			path = HotelReservationsTests;
			sourceTree = "<group>";
		};
		435BD8F21AF83D540059CF7C /* Supporting Files */ = {
			isa = PBXGroup;
			children = (
				435BD8F31AF83D540059CF7C /* Info.plist */,
			);
			name = "Supporting Files";
			sourceTree = "<group>";
		};
		43C7D4071AFF262A00213618 /* HotelReservations WatchKit Extension */ = {
			isa = PBXGroup;
			children = (
				43C7D40B1AFF262A00213618 /* InterfaceController.h */,
				43C7D40C1AFF262A00213618 /* InterfaceController.m */,
				43C7D40E1AFF262A00213618 /* NotificationController.h */,
				43C7D40F1AFF262A00213618 /* NotificationController.m */,
				43C7D4111AFF262A00213618 /* GlanceController.h */,
				43C7D4121AFF262A00213618 /* GlanceController.m */,
				43C7D4141AFF262A00213618 /* Images.xcassets */,
				43C7D4081AFF262A00213618 /* Supporting Files */,
			);
			path = "HotelReservations WatchKit Extension";
			sourceTree = "<group>";
		};
		43C7D4081AFF262A00213618 /* Supporting Files */ = {
			isa = PBXGroup;
			children = (
				43C7D4091AFF262A00213618 /* Info.plist */,
				43C7D40A1AFF262A00213618 /* PushNotificationPayload.apns */,
			);
			name = "Supporting Files";
			sourceTree = "<group>";
		};
		43C7D41C1AFF262A00213618 /* HotelReservations WatchKit App */ = {
			isa = PBXGroup;
			children = (
				43C7D41F1AFF262A00213618 /* Interface.storyboard */,
				43C7D4221AFF262A00213618 /* Images.xcassets */,
				43C7D41D1AFF262A00213618 /* Supporting Files */,
			);
			path = "HotelReservations WatchKit App";
			sourceTree = "<group>";
		};
		43C7D41D1AFF262A00213618 /* Supporting Files */ = {
			isa = PBXGroup;
			children = (
				43C7D41E1AFF262A00213618 /* Info.plist */,
			);
			name = "Supporting Files";
			sourceTree = "<group>";
		};
/* End PBXGroup section */

/* Begin PBXNativeTarget section */
		435BD8D11AF83D540059CF7C /* HotelReservations */ = {
			isa = PBXNativeTarget;
			buildConfigurationList = 435BD8F81AF83D540059CF7C /* Build configuration list for PBXNativeTarget "HotelReservations" */;
			buildPhases = (
				435BD8CE1AF83D540059CF7C /* Sources */,
				435BD8CF1AF83D540059CF7C /* Frameworks */,
				435BD8D01AF83D540059CF7C /* Resources */,
				43C7D42D1AFF262B00213618 /* Embed App Extensions */,
			);
			buildRules = (
			);
			dependencies = (
				43C7D4251AFF262A00213618 /* PBXTargetDependency */,
			);
			name = HotelReservations;
			productName = HotelReservations;
			productReference = 435BD8D21AF83D540059CF7C /* HotelReservations.app */;
			productType = "com.apple.product-type.application";
		};
		435BD8ED1AF83D540059CF7C /* HotelReservationsTests */ = {
			isa = PBXNativeTarget;
			buildConfigurationList = 435BD8FB1AF83D540059CF7C /* Build configuration list for PBXNativeTarget "HotelReservationsTests" */;
			buildPhases = (
				435BD8EA1AF83D540059CF7C /* Sources */,
				435BD8EB1AF83D540059CF7C /* Frameworks */,
				435BD8EC1AF83D540059CF7C /* Resources */,
			);
			buildRules = (
			);
			dependencies = (
				435BD8F01AF83D540059CF7C /* PBXTargetDependency */,
			);
			name = HotelReservationsTests;
			productName = HotelReservationsTests;
			productReference = 435BD8EE1AF83D540059CF7C /* HotelReservationsTests.xctest */;
			productType = "com.apple.product-type.bundle.unit-test";
		};
		43C7D4051AFF262A00213618 /* HotelReservations WatchKit Extension */ = {
			isa = PBXNativeTarget;
			buildConfigurationList = 43C7D42A1AFF262B00213618 /* Build configuration list for PBXNativeTarget "HotelReservations WatchKit Extension" */;
			buildPhases = (
				43C7D4021AFF262A00213618 /* Sources */,
				43C7D4031AFF262A00213618 /* Frameworks */,
				43C7D4041AFF262A00213618 /* Resources */,
			);
			buildRules = (
			);
			dependencies = (
				43C7D41B1AFF262A00213618 /* PBXTargetDependency */,
			);
			name = "HotelReservations WatchKit Extension";
			productName = "HotelReservations WatchKit Extension";
			productReference = 43C7D4061AFF262A00213618 /* HotelReservations WatchKit Extension.appex */;
			productType = "com.apple.product-type.watchkit-extension";
		};
		43C7D4171AFF262A00213618 /* HotelReservations WatchKit App */ = {
			isa = PBXNativeTarget;
			buildConfigurationList = 43C7D4271AFF262B00213618 /* Build configuration list for PBXNativeTarget "HotelReservations WatchKit App" */;
			buildPhases = (
				43C7D4161AFF262A00213618 /* Resources */,
			);
			buildRules = (
			);
			dependencies = (
			);
			name = "HotelReservations WatchKit App";
			productName = "HotelReservations WatchKit App";
			productReference = 43C7D4181AFF262A00213618 /* HotelReservations WatchKit App.app */;
			productType = "com.apple.product-type.application.watchapp";
		};
/* End PBXNativeTarget section */

/* Begin PBXProject section */
		435BD8CA1AF83D540059CF7C /* Project object */ = {
			isa = PBXProject;
			attributes = {
				LastUpgradeCheck = 0630;
				ORGANIZATIONNAME = jnagel;
				TargetAttributes = {
					435BD8D11AF83D540059CF7C = {
						CreatedOnToolsVersion = 6.3.1;
						DevelopmentTeam = DU643WSPQQ;
						SystemCapabilities = {
							com.apple.iCloud = {
								enabled = 1;
							};
						};
					};
					435BD8ED1AF83D540059CF7C = {
						CreatedOnToolsVersion = 6.3.1;
						TestTargetID = 435BD8D11AF83D540059CF7C;
					};
					43C7D4051AFF262A00213618 = {
						CreatedOnToolsVersion = 6.3.1;
						DevelopmentTeam = DU643WSPQQ;
					};
					43C7D4171AFF262A00213618 = {
						CreatedOnToolsVersion = 6.3.1;
					};
				};
			};
			buildConfigurationList = 435BD8CD1AF83D540059CF7C /* Build configuration list for PBXProject "HotelReservations" */;
			compatibilityVersion = "Xcode 3.2";
			developmentRegion = English;
			hasScannedForEncodings = 0;
			knownRegions = (
				en,
				Base,
			);
			mainGroup = 435BD8C91AF83D540059CF7C;
			productRefGroup = 435BD8D31AF83D540059CF7C /* Products */;
			projectDirPath = "";
			projectRoot = "";
			targets = (
				435BD8D11AF83D540059CF7C /* HotelReservations */,
				435BD8ED1AF83D540059CF7C /* HotelReservationsTests */,
				43C7D4051AFF262A00213618 /* HotelReservations WatchKit Extension */,
				43C7D4171AFF262A00213618 /* HotelReservations WatchKit App */,
			);
		};
/* End PBXProject section */

/* Begin PBXResourcesBuildPhase section */
		435BD8D01AF83D540059CF7C /* Resources */ = {
			isa = PBXResourcesBuildPhase;
			buildActionMask = 2147483647;
			files = (
				435BD8E41AF83D540059CF7C /* Main.storyboard in Resources */,
				435BD8E91AF83D540059CF7C /* LaunchScreen.xib in Resources */,
				435BD9021AF84DE80059CF7C /* seed.json in Resources */,
				435BD8E61AF83D540059CF7C /* Images.xcassets in Resources */,
			);
			runOnlyForDeploymentPostprocessing = 0;
		};
		435BD8EC1AF83D540059CF7C /* Resources */ = {
			isa = PBXResourcesBuildPhase;
			buildActionMask = 2147483647;
			files = (
			);
			runOnlyForDeploymentPostprocessing = 0;
		};
		43C7D4041AFF262A00213618 /* Resources */ = {
			isa = PBXResourcesBuildPhase;
			buildActionMask = 2147483647;
			files = (
				43C7D4191AFF262A00213618 /* HotelReservations WatchKit App.app in Resources */,
				43C7D4151AFF262A00213618 /* Images.xcassets in Resources */,
			);
			runOnlyForDeploymentPostprocessing = 0;
		};
		43C7D4161AFF262A00213618 /* Resources */ = {
			isa = PBXResourcesBuildPhase;
			buildActionMask = 2147483647;
			files = (
				43C7D4211AFF262A00213618 /* Interface.storyboard in Resources */,
				43C7D4231AFF262A00213618 /* Images.xcassets in Resources */,
			);
			runOnlyForDeploymentPostprocessing = 0;
		};
/* End PBXResourcesBuildPhase section */

/* Begin PBXSourcesBuildPhase section */
		435BD8CE1AF83D540059CF7C /* Sources */ = {
			isa = PBXSourcesBuildPhase;
			buildActionMask = 2147483647;
			files = (
				43C7D3FB1AFEE85E00213618 /* Room.m in Sources */,
				430FB12D1AF9510B00B35A97 /* RoomTableViewCell.m in Sources */,
				430B306C1AFAF26F006B416B /* HotelService.m in Sources */,
				430FB1361AF9B45C00B35A97 /* PickerHeaderViewCell.m in Sources */,
				430B304B1AF9E3D0006B416B /* AvailabilityTableViewController.m in Sources */,
				430FB1271AF93CE600B35A97 /* HotelReservationsStyleKit.m in Sources */,
				435BD8DB1AF83D540059CF7C /* AppDelegate.m in Sources */,
				4328B4F61B004D1F001A4307 /* HotelJSONParserService.m in Sources */,
				4328B4F11B001B58001A4307 /* GlobalConstants.m in Sources */,
				43C7D3F81AFEE1CD00213618 /* Reservation.m in Sources */,
				430FB1331AF999D600B35A97 /* MainMenuTableViewController.m in Sources */,
				435BBAE81AF86E6E007200A4 /* RoomsListViewController.m in Sources */,
				43BA5FDD1AFBFAAD0056163D /* GuestReservationsTableViewController.m in Sources */,
				43BA5FD81AFBDE1A0056163D /* DateValidationService.m in Sources */,
				435BD8DE1AF83D540059CF7C /* HotelReservations.xcdatamodeld in Sources */,
				43C7D3F51AFEDFDE00213618 /* RandomConfirmationIDGenerator.m in Sources */,
				430B30631AFA9BE2006B416B /* NumberOfBedsTableViewCell.m in Sources */,
				43BA5FD01AFB24190056163D /* GuestNameTableViewCell.m in Sources */,
				43BA5FD31AFB39F20056163D /* GuestTableViewController.m in Sources */,
				430B306F1AFB08A0006B416B /* ReserveRoomTableViewController.m in Sources */,
				43C7D3FE1AFEEA7700213618 /* Hotel.m in Sources */,
				430FB1241AF93B7700B35A97 /* HotelHeaderView.m in Sources */,
				430B30721AFB0F1C006B416B /* ReservationTableViewCell.m in Sources */,
				43F629111AFC97FA006A4461 /* SearchTableViewHeaderView.m in Sources */,
				430B30601AFA8BFA006B416B /* Guest.m in Sources */,
				435BD8D81AF83D540059CF7C /* main.m in Sources */,
				435BBAEB1AF876A3007200A4 /* MainDetailImageTableViewCell.m in Sources */,
				435E487C1AFDEA0700D50A81 /* ImageResizer.m in Sources */,
				435BD9001AF848E30059CF7C /* HotelListViewController.m in Sources */,
				43C7D4011AFEF75100213618 /* NoResultsTableViewCell.m in Sources */,
				430FB13C1AF9D25800B35A97 /* ButtonTableViewCell.m in Sources */,
				430B30691AFAF12F006B416B /* CoreDataStack.m in Sources */,
			);
			runOnlyForDeploymentPostprocessing = 0;
		};
		435BD8EA1AF83D540059CF7C /* Sources */ = {
			isa = PBXSourcesBuildPhase;
			buildActionMask = 2147483647;
			files = (
				43BA5FDA1AFBF42B0056163D /* DateValidationServiceTests.m in Sources */,
				43BA5FD51AFBC8960056163D /* HotelServiceTests.m in Sources */,
				435BD8F51AF83D540059CF7C /* HotelReservationsTests.m in Sources */,
				4328B4F31B004CDB001A4307 /* HotelJSONParserTests.m in Sources */,
			);
			runOnlyForDeploymentPostprocessing = 0;
		};
		43C7D4021AFF262A00213618 /* Sources */ = {
			isa = PBXSourcesBuildPhase;
			buildActionMask = 2147483647;
			files = (
				43C7D4101AFF262A00213618 /* NotificationController.m in Sources */,
				43C7D40D1AFF262A00213618 /* InterfaceController.m in Sources */,
				43C7D4131AFF262A00213618 /* GlanceController.m in Sources */,
			);
			runOnlyForDeploymentPostprocessing = 0;
		};
/* End PBXSourcesBuildPhase section */

/* Begin PBXTargetDependency section */
		435BD8F01AF83D540059CF7C /* PBXTargetDependency */ = {
			isa = PBXTargetDependency;
			target = 435BD8D11AF83D540059CF7C /* HotelReservations */;
			targetProxy = 435BD8EF1AF83D540059CF7C /* PBXContainerItemProxy */;
		};
		43C7D41B1AFF262A00213618 /* PBXTargetDependency */ = {
			isa = PBXTargetDependency;
			target = 43C7D4171AFF262A00213618 /* HotelReservations WatchKit App */;
			targetProxy = 43C7D41A1AFF262A00213618 /* PBXContainerItemProxy */;
		};
		43C7D4251AFF262A00213618 /* PBXTargetDependency */ = {
			isa = PBXTargetDependency;
			target = 43C7D4051AFF262A00213618 /* HotelReservations WatchKit Extension */;
			targetProxy = 43C7D4241AFF262A00213618 /* PBXContainerItemProxy */;
		};
/* End PBXTargetDependency section */

/* Begin PBXVariantGroup section */
		435BD8E21AF83D540059CF7C /* Main.storyboard */ = {
			isa = PBXVariantGroup;
			children = (
				435BD8E31AF83D540059CF7C /* Base */,
			);
			name = Main.storyboard;
			sourceTree = "<group>";
		};
		435BD8E71AF83D540059CF7C /* LaunchScreen.xib */ = {
			isa = PBXVariantGroup;
			children = (
				435BD8E81AF83D540059CF7C /* Base */,
			);
			name = LaunchScreen.xib;
			sourceTree = "<group>";
		};
		43C7D41F1AFF262A00213618 /* Interface.storyboard */ = {
			isa = PBXVariantGroup;
			children = (
				43C7D4201AFF262A00213618 /* Base */,
			);
			name = Interface.storyboard;
			sourceTree = "<group>";
		};
/* End PBXVariantGroup section */

/* Begin XCBuildConfiguration section */
		435BD8F61AF83D540059CF7C /* Debug */ = {
			isa = XCBuildConfiguration;
			buildSettings = {
				ALWAYS_SEARCH_USER_PATHS = NO;
				CLANG_CXX_LANGUAGE_STANDARD = "gnu++0x";
				CLANG_CXX_LIBRARY = "libc++";
				CLANG_ENABLE_MODULES = YES;
				CLANG_ENABLE_OBJC_ARC = YES;
				CLANG_WARN_BOOL_CONVERSION = YES;
				CLANG_WARN_CONSTANT_CONVERSION = YES;
				CLANG_WARN_DIRECT_OBJC_ISA_USAGE = YES_ERROR;
				CLANG_WARN_EMPTY_BODY = YES;
				CLANG_WARN_ENUM_CONVERSION = YES;
				CLANG_WARN_INT_CONVERSION = YES;
				CLANG_WARN_OBJC_ROOT_CLASS = YES_ERROR;
				CLANG_WARN_UNREACHABLE_CODE = YES;
				CLANG_WARN__DUPLICATE_METHOD_MATCH = YES;
				"CODE_SIGN_IDENTITY[sdk=iphoneos*]" = "iPhone Developer";
				COPY_PHASE_STRIP = NO;
				DEBUG_INFORMATION_FORMAT = "dwarf-with-dsym";
				ENABLE_STRICT_OBJC_MSGSEND = YES;
				GCC_C_LANGUAGE_STANDARD = gnu99;
				GCC_DYNAMIC_NO_PIC = NO;
				GCC_NO_COMMON_BLOCKS = YES;
				GCC_OPTIMIZATION_LEVEL = 0;
				GCC_PREPROCESSOR_DEFINITIONS = (
					"DEBUG=1",
					"$(inherited)",
				);
				GCC_SYMBOLS_PRIVATE_EXTERN = NO;
				GCC_WARN_64_TO_32_BIT_CONVERSION = YES;
				GCC_WARN_ABOUT_RETURN_TYPE = YES_ERROR;
				GCC_WARN_UNDECLARED_SELECTOR = YES;
				GCC_WARN_UNINITIALIZED_AUTOS = YES_AGGRESSIVE;
				GCC_WARN_UNUSED_FUNCTION = YES;
				GCC_WARN_UNUSED_VARIABLE = YES;
				IPHONEOS_DEPLOYMENT_TARGET = 8.3;
				MTL_ENABLE_DEBUG_INFO = YES;
				ONLY_ACTIVE_ARCH = YES;
				SDKROOT = iphoneos;
				TARGETED_DEVICE_FAMILY = "1,2";
			};
			name = Debug;
		};
		435BD8F71AF83D540059CF7C /* Release */ = {
			isa = XCBuildConfiguration;
			buildSettings = {
				ALWAYS_SEARCH_USER_PATHS = NO;
				CLANG_CXX_LANGUAGE_STANDARD = "gnu++0x";
				CLANG_CXX_LIBRARY = "libc++";
				CLANG_ENABLE_MODULES = YES;
				CLANG_ENABLE_OBJC_ARC = YES;
				CLANG_WARN_BOOL_CONVERSION = YES;
				CLANG_WARN_CONSTANT_CONVERSION = YES;
				CLANG_WARN_DIRECT_OBJC_ISA_USAGE = YES_ERROR;
				CLANG_WARN_EMPTY_BODY = YES;
				CLANG_WARN_ENUM_CONVERSION = YES;
				CLANG_WARN_INT_CONVERSION = YES;
				CLANG_WARN_OBJC_ROOT_CLASS = YES_ERROR;
				CLANG_WARN_UNREACHABLE_CODE = YES;
				CLANG_WARN__DUPLICATE_METHOD_MATCH = YES;
				"CODE_SIGN_IDENTITY[sdk=iphoneos*]" = "iPhone Developer";
				COPY_PHASE_STRIP = NO;
				DEBUG_INFORMATION_FORMAT = "dwarf-with-dsym";
				ENABLE_NS_ASSERTIONS = NO;
				ENABLE_STRICT_OBJC_MSGSEND = YES;
				GCC_C_LANGUAGE_STANDARD = gnu99;
				GCC_NO_COMMON_BLOCKS = YES;
				GCC_WARN_64_TO_32_BIT_CONVERSION = YES;
				GCC_WARN_ABOUT_RETURN_TYPE = YES_ERROR;
				GCC_WARN_UNDECLARED_SELECTOR = YES;
				GCC_WARN_UNINITIALIZED_AUTOS = YES_AGGRESSIVE;
				GCC_WARN_UNUSED_FUNCTION = YES;
				GCC_WARN_UNUSED_VARIABLE = YES;
				IPHONEOS_DEPLOYMENT_TARGET = 8.3;
				MTL_ENABLE_DEBUG_INFO = NO;
				SDKROOT = iphoneos;
				TARGETED_DEVICE_FAMILY = "1,2";
				VALIDATE_PRODUCT = YES;
			};
			name = Release;
		};
		435BD8F91AF83D540059CF7C /* Debug */ = {
			isa = XCBuildConfiguration;
			buildSettings = {
				ASSETCATALOG_COMPILER_APPICON_NAME = AppIcon;
				CODE_SIGN_ENTITLEMENTS = HotelReservations/HotelReservations.entitlements;
				CODE_SIGN_IDENTITY = "iPhone Developer";
				"CODE_SIGN_IDENTITY[sdk=iphoneos*]" = "iPhone Developer";
				INFOPLIST_FILE = HotelReservations/Info.plist;
				LD_RUNPATH_SEARCH_PATHS = "$(inherited) @executable_path/Frameworks";
				PRODUCT_NAME = "$(TARGET_NAME)";
				PROVISIONING_PROFILE = "";
			};
			name = Debug;
		};
		435BD8FA1AF83D540059CF7C /* Release */ = {
			isa = XCBuildConfiguration;
			buildSettings = {
				ASSETCATALOG_COMPILER_APPICON_NAME = AppIcon;
				CODE_SIGN_ENTITLEMENTS = HotelReservations/HotelReservations.entitlements;
				CODE_SIGN_IDENTITY = "iPhone Developer";
				"CODE_SIGN_IDENTITY[sdk=iphoneos*]" = "iPhone Developer";
				INFOPLIST_FILE = HotelReservations/Info.plist;
				LD_RUNPATH_SEARCH_PATHS = "$(inherited) @executable_path/Frameworks";
				PRODUCT_NAME = "$(TARGET_NAME)";
				PROVISIONING_PROFILE = "";
			};
			name = Release;
		};
		435BD8FC1AF83D540059CF7C /* Debug */ = {
			isa = XCBuildConfiguration;
			buildSettings = {
				BUNDLE_LOADER = "$(TEST_HOST)";
				FRAMEWORK_SEARCH_PATHS = (
					"$(SDKROOT)/Developer/Library/Frameworks",
					"$(inherited)",
				);
				GCC_PREPROCESSOR_DEFINITIONS = (
					"DEBUG=1",
					"$(inherited)",
				);
				INFOPLIST_FILE = HotelReservationsTests/Info.plist;
				LD_RUNPATH_SEARCH_PATHS = "$(inherited) @executable_path/Frameworks @loader_path/Frameworks";
				PRODUCT_NAME = "$(TARGET_NAME)";
				TEST_HOST = "$(BUILT_PRODUCTS_DIR)/HotelReservations.app/HotelReservations";
			};
			name = Debug;
		};
		435BD8FD1AF83D540059CF7C /* Release */ = {
			isa = XCBuildConfiguration;
			buildSettings = {
				BUNDLE_LOADER = "$(TEST_HOST)";
				FRAMEWORK_SEARCH_PATHS = (
					"$(SDKROOT)/Developer/Library/Frameworks",
					"$(inherited)",
				);
				INFOPLIST_FILE = HotelReservationsTests/Info.plist;
				LD_RUNPATH_SEARCH_PATHS = "$(inherited) @executable_path/Frameworks @loader_path/Frameworks";
				PRODUCT_NAME = "$(TARGET_NAME)";
				TEST_HOST = "$(BUILT_PRODUCTS_DIR)/HotelReservations.app/HotelReservations";
			};
			name = Release;
		};
		43C7D4281AFF262B00213618 /* Debug */ = {
			isa = XCBuildConfiguration;
			buildSettings = {
				ASSETCATALOG_COMPILER_APPICON_NAME = AppIcon;
				GCC_PREPROCESSOR_DEFINITIONS = (
					"DEBUG=1",
					"$(inherited)",
				);
				IBSC_MODULE = HotelReservations_WatchKit_Extension;
				INFOPLIST_FILE = "HotelReservations WatchKit App/Info.plist";
				IPHONEOS_DEPLOYMENT_TARGET = 8.2;
				PRODUCT_NAME = "$(TARGET_NAME)";
				SKIP_INSTALL = YES;
				TARGETED_DEVICE_FAMILY = 4;
				"TARGETED_DEVICE_FAMILY[sdk=iphonesimulator*]" = "1,4";
			};
			name = Debug;
		};
		43C7D4291AFF262B00213618 /* Release */ = {
			isa = XCBuildConfiguration;
			buildSettings = {
				ASSETCATALOG_COMPILER_APPICON_NAME = AppIcon;
				IBSC_MODULE = HotelReservations_WatchKit_Extension;
				INFOPLIST_FILE = "HotelReservations WatchKit App/Info.plist";
				IPHONEOS_DEPLOYMENT_TARGET = 8.2;
				PRODUCT_NAME = "$(TARGET_NAME)";
				SKIP_INSTALL = YES;
				TARGETED_DEVICE_FAMILY = 4;
				"TARGETED_DEVICE_FAMILY[sdk=iphonesimulator*]" = "1,4";
			};
			name = Release;
		};
		43C7D42B1AFF262B00213618 /* Debug */ = {
			isa = XCBuildConfiguration;
			buildSettings = {
				CODE_SIGN_IDENTITY = "iPhone Developer";
				"CODE_SIGN_IDENTITY[sdk=iphoneos*]" = "iPhone Developer";
				GCC_PREPROCESSOR_DEFINITIONS = (
					"DEBUG=1",
					"$(inherited)",
				);
				INFOPLIST_FILE = "HotelReservations WatchKit Extension/Info.plist";
				LD_RUNPATH_SEARCH_PATHS = "$(inherited) @executable_path/Frameworks @executable_path/../../Frameworks";
				PRODUCT_NAME = "${TARGET_NAME}";
				SKIP_INSTALL = YES;
			};
			name = Debug;
		};
		43C7D42C1AFF262B00213618 /* Release */ = {
			isa = XCBuildConfiguration;
			buildSettings = {
				CODE_SIGN_IDENTITY = "iPhone Developer";
				"CODE_SIGN_IDENTITY[sdk=iphoneos*]" = "iPhone Developer";
				INFOPLIST_FILE = "HotelReservations WatchKit Extension/Info.plist";
				LD_RUNPATH_SEARCH_PATHS = "$(inherited) @executable_path/Frameworks @executable_path/../../Frameworks";
				PRODUCT_NAME = "${TARGET_NAME}";
				SKIP_INSTALL = YES;
			};
			name = Release;
		};
/* End XCBuildConfiguration section */

/* Begin XCConfigurationList section */
		435BD8CD1AF83D540059CF7C /* Build configuration list for PBXProject "HotelReservations" */ = {
			isa = XCConfigurationList;
			buildConfigurations = (
				435BD8F61AF83D540059CF7C /* Debug */,
				435BD8F71AF83D540059CF7C /* Release */,
			);
			defaultConfigurationIsVisible = 0;
			defaultConfigurationName = Release;
		};
		435BD8F81AF83D540059CF7C /* Build configuration list for PBXNativeTarget "HotelReservations" */ = {
			isa = XCConfigurationList;
			buildConfigurations = (
				435BD8F91AF83D540059CF7C /* Debug */,
				435BD8FA1AF83D540059CF7C /* Release */,
			);
			defaultConfigurationIsVisible = 0;
			defaultConfigurationName = Release;
		};
		435BD8FB1AF83D540059CF7C /* Build configuration list for PBXNativeTarget "HotelReservationsTests" */ = {
			isa = XCConfigurationList;
			buildConfigurations = (
				435BD8FC1AF83D540059CF7C /* Debug */,
				435BD8FD1AF83D540059CF7C /* Release */,
			);
			defaultConfigurationIsVisible = 0;
			defaultConfigurationName = Release;
		};
		43C7D4271AFF262B00213618 /* Build configuration list for PBXNativeTarget "HotelReservations WatchKit App" */ = {
			isa = XCConfigurationList;
			buildConfigurations = (
				43C7D4281AFF262B00213618 /* Debug */,
				43C7D4291AFF262B00213618 /* Release */,
			);
			defaultConfigurationIsVisible = 0;
			defaultConfigurationName = Release;
		};
		43C7D42A1AFF262B00213618 /* Build configuration list for PBXNativeTarget "HotelReservations WatchKit Extension" */ = {
			isa = XCConfigurationList;
			buildConfigurations = (
				43C7D42B1AFF262B00213618 /* Debug */,
				43C7D42C1AFF262B00213618 /* Release */,
			);
			defaultConfigurationIsVisible = 0;
			defaultConfigurationName = Release;
		};
/* End XCConfigurationList section */

/* Begin XCVersionGroup section */
		435BD8DC1AF83D540059CF7C /* HotelReservations.xcdatamodeld */ = {
			isa = XCVersionGroup;
			children = (
				435E48731AFDC8A300D50A81 /* HotelReservations v2.xcdatamodel */,
				435BD8DD1AF83D540059CF7C /* HotelReservations.xcdatamodel */,
			);
			currentVersion = 435E48731AFDC8A300D50A81 /* HotelReservations v2.xcdatamodel */;
			path = HotelReservations.xcdatamodeld;
			sourceTree = "<group>";
			versionGroupType = wrapper.xcdatamodel;
		};
/* End XCVersionGroup section */
	};
	rootObject = 435BD8CA1AF83D540059CF7C /* Project object */;
}
